<?xml version="1.0" encoding="utf-8"?>
<Project ToolsVersion="4.0" xmlns="http://schemas.microsoft.com/developer/msbuild/2003">
  <ItemGroup>
    <Filter Include="Header Files">
      <UniqueIdentifier>{93995380-89BD-4b04-88EB-625FBE52EBFB}</UniqueIdentifier>
      <Extensions>h;hh;hpp;hxx;h++;hm;inl;inc;ipp;xsd</Extensions>
    </Filter>
    <Filter Include="Resource Files">
      <UniqueIdentifier>{67DA6AB6-F800-4c08-8B7A-83BB121AAD01}</UniqueIdentifier>
      <Extensions>rc;ico;cur;bmp;dlg;rc2;rct;bin;rgs;gif;jpg;jpeg;jpe;resx;tiff;tif;png;wav;mfcribbon-ms</Extensions>
    </Filter>
    <Filter Include="Source">
      <UniqueIdentifier>{4FC737F1-C7A5-4376-A066-2A32D752A2FF}</UniqueIdentifier>
      <Extensions>cpp;c;cc;cxx;c++;cppm;ixx;def;odl;idl;hpj;bat;asm;asmx</Extensions>
    </Filter>
    <Filter Include="Source\Core">
      <UniqueIdentifier>{b390c533-2ef6-44e0-8cfd-5ff8951affc7}</UniqueIdentifier>
    </Filter>
    <Filter Include="Source\Renderer">
      <UniqueIdentifier>{4f15e85a-c973-4145-83ce-b149ce8ca6a6}</UniqueIdentifier>
    </Filter>
    <Filter Include="Source\Input">
      <UniqueIdentifier>{8db1f0c1-8108-4fb9-bcfa-f232256c05b1}</UniqueIdentifier>
    </Filter>
    <Filter Include="Source\Audio">
      <UniqueIdentifier>{fd313dae-95db-49b4-89ab-44288dcb0bae}</UniqueIdentifier>
    </Filter>
    <Filter Include="Source\Math">
      <UniqueIdentifier>{589b6b98-09d9-43f8-adba-1b83369c052a}</UniqueIdentifier>
    </Filter>
    <Filter Include="Source\Framework">
      <UniqueIdentifier>{485ea5db-f183-43cb-b899-5015f3cfa7a4}</UniqueIdentifier>
    </Filter>
    <Filter Include="Source\Resources">
      <UniqueIdentifier>{d8782ca8-2c67-4218-8aec-a39dc22f38db}</UniqueIdentifier>
    </Filter>
  </ItemGroup>
  <ItemGroup>
    <ClInclude Include="Source\Engine.h">
      <Filter>Header Files</Filter>
    </ClInclude>
    <ClInclude Include="Source\Core\EFile.h">
      <Filter>Source\Core</Filter>
    </ClInclude>
    <ClInclude Include="Source\Core\ETimer.h">
      <Filter>Source\Core</Filter>
    </ClInclude>
    <ClInclude Include="Source\Core\EAssert.h">
      <Filter>Source\Core</Filter>
    </ClInclude>
    <ClInclude Include="Source\Renderer\ParticleSystem.h">
      <Filter>Source\Renderer</Filter>
    </ClInclude>
    <ClInclude Include="Source\Renderer\Renderer.h">
      <Filter>Source\Renderer</Filter>
    </ClInclude>
    <ClInclude Include="Source\Renderer\Text.h">
      <Filter>Source\Renderer</Filter>
    </ClInclude>
    <ClInclude Include="Source\Renderer\Font.h">
      <Filter>Source\Renderer</Filter>
    </ClInclude>
    <ClInclude Include="Source\Renderer\Model.h">
      <Filter>Source\Renderer</Filter>
    </ClInclude>
    <ClInclude Include="Source\Renderer\Particle.h">
      <Filter>Source\Renderer</Filter>
    </ClInclude>
    <ClInclude Include="Source\Input\Input.h">
      <Filter>Source\Input</Filter>
    </ClInclude>
    <ClInclude Include="Source\Audio\Audio.h">
      <Filter>Source\Audio</Filter>
    </ClInclude>
    <ClInclude Include="Source\Renderer\Color.h">
      <Filter>Source\Renderer</Filter>
    </ClInclude>
    <ClInclude Include="Source\Framework\Scene.h">
      <Filter>Source\Framework</Filter>
    </ClInclude>
    <ClInclude Include="Source\Framework\Actor.h">
      <Filter>Source\Framework</Filter>
    </ClInclude>
    <ClInclude Include="Source\Framework\Game.h">
      <Filter>Source\Framework</Filter>
    </ClInclude>
    <ClInclude Include="Source\Math\Transform.h">
      <Filter>Source\Math</Filter>
    </ClInclude>
    <ClInclude Include="Source\Math\Vector2.h">
      <Filter>Source\Math</Filter>
    </ClInclude>
    <ClInclude Include="Source\Math\MathUtils.h">
      <Filter>Source\Math</Filter>
    </ClInclude>
    <ClInclude Include="Source\Math\Random.h">
      <Filter>Source\Math</Filter>
    </ClInclude>
    <ClInclude Include="Source\Renderer\Texture.h">
      <Filter>Source\Renderer</Filter>
    </ClInclude>
    <ClInclude Include="Source\Resources\Resource.h">
      <Filter>Source\Resources</Filter>
    </ClInclude>
    <ClInclude Include="Source\Resources\ResourceManager.h">
      <Filter>Source\Resources</Filter>
    </ClInclude>
    <ClInclude Include="Source\Core\Singleton.h">
      <Filter>Source\Core</Filter>
    </ClInclude>
  </ItemGroup>
  <ItemGroup>
    <ClCompile Include="Source\Engine.cpp">
      <Filter>Source</Filter>
    </ClCompile>
    <ClCompile Include="Source\Core\ETimer.cpp">
      <Filter>Source\Core</Filter>
    </ClCompile>
    <ClCompile Include="Source\Core\EAssert.cpp">
      <Filter>Source\Core</Filter>
    </ClCompile>
    <ClCompile Include="Source\Core\EFile.cpp">
      <Filter>Source\Core</Filter>
    </ClCompile>
    <ClCompile Include="Source\Renderer\ParticleSystem.cpp">
      <Filter>Source\Renderer</Filter>
    </ClCompile>
    <ClCompile Include="Source\Renderer\Text.cpp">
      <Filter>Source\Renderer</Filter>
    </ClCompile>
    <ClCompile Include="Source\Renderer\Font.cpp">
      <Filter>Source\Renderer</Filter>
    </ClCompile>
    <ClCompile Include="Source\Renderer\Model.cpp">
      <Filter>Source\Renderer</Filter>
    </ClCompile>
    <ClCompile Include="Source\Renderer\Particle.cpp">
      <Filter>Source\Renderer</Filter>
    </ClCompile>
    <ClCompile Include="Source\Input\Input.cpp">
      <Filter>Source\Input</Filter>
    </ClCompile>
    <ClCompile Include="Source\Audio\Audio.cpp">
      <Filter>Source\Audio</Filter>
    </ClCompile>
    <ClCompile Include="Source\Renderer\Renderer.cpp">
      <Filter>Source\Renderer</Filter>
    </ClCompile>
    <ClCompile Include="Source\Framework\Scene.cpp">
      <Filter>Source\Framework</Filter>
    </ClCompile>
    <ClCompile Include="Source\Framework\Actor.cpp">
      <Filter>Source\Framework</Filter>
    </ClCompile>
    <ClCompile Include="Source\Renderer\Texture.cpp">
      <Filter>Source\Renderer</Filter>
    </ClCompile>
  </ItemGroup>
</Project>